
Microsoft Visual Studio Solution File, Format Version 12.00
# Visual Studio Version 17
VisualStudioVersion = 17.4.33122.133
MinimumVisualStudioVersion = 10.0.40219.1
Project("{FAE04EC0-301F-11D3-BF4B-00C04F79EFBC}") = "WebApplication3", "WebApplication3.csproj", "{2611A1AF-A383-4065-AC9E-0CE6DEDBA931}"
EndProject
Global
	GlobalSection(SolutionConfigurationPlatforms) = preSolution
		Debug|Any CPU = Debug|Any CPU
		Release|Any CPU = Release|Any CPU
	EndGlobalSection
	GlobalSection(ProjectConfigurationPlatforms) = postSolution
		{2611A1AF-A383-4065-AC9E-0CE6DEDBA931}.Debug|Any CPU.ActiveCfg = Debug|Any CPU
		{2611A1AF-A383-4065-AC9E-0CE6DEDBA931}.Debug|Any CPU.Build.0 = Debug|Any CPU
		{2611A1AF-A383-4065-AC9E-0CE6DEDBA931}.Release|Any CPU.ActiveCfg = Release|Any CPU
		{2611A1AF-A383-4065-AC9E-0CE6DEDBA931}.Release|Any CPU.Build.0 = Release|Any CPU
	EndGlobalSection
	GlobalSection(SolutionProperties) = preSolution
		HideSolutionNode = FALSE
	EndGlobalSection
	GlobalSection(ExtensibilityGlobals) = postSolution
		SolutionGuid = {EC00B5F6-A57D-4D4D-9712-FA569D961FF9}
	EndGlobalSection
EndGlobal
